PODS:
  - Alamofire (4.8.2)
  - MBProgressHUD (1.1.0)
  - Realm (3.17.3):
    - Realm/Headers (= 3.17.3)
  - Realm/Headers (3.17.3)
  - RealmSwift (3.17.3):
    - Realm (= 3.17.3)
  - SwiftyJSON (5.0.0)

DEPENDENCIES:
  - Alamofire
  - MBProgressHUD
  - RealmSwift
  - SwiftyJSON

SPEC REPOS:
  https://github.com/cocoapods/specs.git:
    - Alamofire
    - MBProgressHUD
    - Realm
    - RealmSwift
    - SwiftyJSON

SPEC CHECKSUMS:
  Alamofire: ae5c501addb7afdbb13687d7f2f722c78734c2d3
  MBProgressHUD: e7baa36a220447d8aeb12769bf0585582f3866d9
  Realm: 5a1d9d47bfc101dd597668b1a8af4288a2557f6d
  RealmSwift: b7fdc2d18616621c31df5c7a398a45a2163f8eb0
  SwiftyJSON: 36413e04c44ee145039d332b4f4e2d3e8d6c4db7

PODFILE CHECKSUM: 6a27d5061c482a80556f25044ff2f87505d82b15

COCOAPODS: 1.7.5
