PODS:
  - Alamofire (4.7.2)
  - MBProgressHUD (1.1.0)
  - SQLite.swift (0.12.2):
    - SQLite.swift/standard (= 0.12.2)
  - SQLite.swift/standard (0.12.2)
  - SwiftyJSON (4.1.0)

DEPENDENCIES:
  - Alamofire
  - MBProgressHUD
  - SQLite.swift (from `https://github.com/stephencelis/SQLite.swift.git`, branch `master`)
  - SwiftyJSON

SPEC REPOS:
  https://github.com/cocoapods/specs.git:
    - Alamofire
    - MBProgressHUD
    - SwiftyJSON

EXTERNAL SOURCES:
  SQLite.swift:
    :branch: master
    :git: https://github.com/stephencelis/SQLite.swift.git

CHECKOUT OPTIONS:
  SQLite.swift:
    :commit: 0a9893ec030501a3956bee572d6b4fdd3ae158a1
    :git: https://github.com/stephencelis/SQLite.swift.git

SPEC CHECKSUMS:
  Alamofire: e4fa87002c137ba2d8d634d2c51fabcda0d5c223
  MBProgressHUD: e7baa36a220447d8aeb12769bf0585582f3866d9
  SQLite.swift: 5e0f310cac904e4317ffb620c845df67cbbf9536
  SwiftyJSON: c29297daf073d2aa016295d5809cdd68045c39b3

PODFILE CHECKSUM: 8d109564970f6ea540b391f2136e3649970dc546

COCOAPODS: 1.7.4
